
Microsoft Visual Studio Solution File, Format Version 12.00
# Visual Studio 2013
VisualStudioVersion = 12.0.30501.0
MinimumVisualStudioVersion = 10.0.40219.1
Project("{FAE04EC0-301F-11D3-BF4B-00C04F79EFBC}") = "ManyTimePad", "ManyTimePad\ManyTimePad.csproj", "{88EDFA31-67AA-4401-B7B4-0545FD1D482A}"
EndProject
Project("{FAE04EC0-301F-11D3-BF4B-00C04F79EFBC}") = "CBCandCTR", "CBCandCTR\CBCandCTR.csproj", "{EBA1CFA4-EE83-4516-B2B6-8C5D65120559}"
EndProject
Global
	GlobalSection(SolutionConfigurationPlatforms) = preSolution
		Debug|Any CPU = Debug|Any CPU
		Release|Any CPU = Release|Any CPU
	EndGlobalSection
	GlobalSection(ProjectConfigurationPlatforms) = postSolution
		{88EDFA31-67AA-4401-B7B4-0545FD1D482A}.Debug|Any CPU.ActiveCfg = Debug|Any CPU
		{88EDFA31-67AA-4401-B7B4-0545FD1D482A}.Debug|Any CPU.Build.0 = Debug|Any CPU
		{88EDFA31-67AA-4401-B7B4-0545FD1D482A}.Release|Any CPU.ActiveCfg = Release|Any CPU
		{88EDFA31-67AA-4401-B7B4-0545FD1D482A}.Release|Any CPU.Build.0 = Release|Any CPU
		{EBA1CFA4-EE83-4516-B2B6-8C5D65120559}.Debug|Any CPU.ActiveCfg = Debug|Any CPU
		{EBA1CFA4-EE83-4516-B2B6-8C5D65120559}.Debug|Any CPU.Build.0 = Debug|Any CPU
		{EBA1CFA4-EE83-4516-B2B6-8C5D65120559}.Release|Any CPU.ActiveCfg = Release|Any CPU
		{EBA1CFA4-EE83-4516-B2B6-8C5D65120559}.Release|Any CPU.Build.0 = Release|Any CPU
	EndGlobalSection
	GlobalSection(SolutionProperties) = preSolution
		HideSolutionNode = FALSE
	EndGlobalSection
EndGlobal
